
Microsoft Visual Studio Solution File, Format Version 12.00
# Visual Studio Version 16
VisualStudioVersion = 16.0.29326.143
MinimumVisualStudioVersion = 10.0.40219.1
Project("{FAE04EC0-301F-11D3-BF4B-00C04F79EFBC}") = "Pizza", "Pizza\Pizza.csproj", "{20F0E2BE-2317-4E5A-A20C-8489F8E19FFB}"
EndProject
Project("{2150E333-8FDC-42A3-9474-1A3956D46DE8}") = "src", "src", "{151EFEF5-24FB-4341-8703-29E4F2AA4778}"
EndProject
Project("{2150E333-8FDC-42A3-9474-1A3956D46DE8}") = "test", "test", "{5A4098A5-FAEA-42B2-A4EC-23AC13424D40}"
EndProject
Project("{FAE04EC0-301F-11D3-BF4B-00C04F79EFBC}") = "Pizza.Model", "Pizza.Model\Pizza.Model.csproj", "{E2E0E9B2-1041-4DD0-8C3E-753967D748C0}"
EndProject
Project("{FAE04EC0-301F-11D3-BF4B-00C04F79EFBC}") = "Pizza.Shared", "Pizza.Shared\Pizza.Shared.csproj", "{0FE0EA69-8FAF-4F7A-9D19-13D1562D9951}"
EndProject
Project("{FAE04EC0-301F-11D3-BF4B-00C04F79EFBC}") = "Pizza.Repository", "Pizza.Repository\Pizza.Repository.csproj", "{E74A9FAA-5C21-425B-9A6B-B95C865237C5}"
EndProject
Project("{FAE04EC0-301F-11D3-BF4B-00C04F79EFBC}") = "Pizza.Service", "Pizza.Service\Pizza.Service.csproj", "{6A3BC37A-466C-4931-A2A5-9377C7FA477E}"
EndProject
Project("{FAE04EC0-301F-11D3-BF4B-00C04F79EFBC}") = "Pizza.Repository.Test", "Pizza.Repository.Test\Pizza.Repository.Test.csproj", "{EBED4385-4C39-4160-BF3C-081A9A527102}"
EndProject
Project("{FAE04EC0-301F-11D3-BF4B-00C04F79EFBC}") = "Pizza.Service.Test", "Pizza.Service.Test\Pizza.Service.Test.csproj", "{4F1C54BF-C1B2-4A8C-A7A8-DB91298C383F}"
EndProject
Project("{FAE04EC0-301F-11D3-BF4B-00C04F79EFBC}") = "Pizza.Shared.Test", "Pizza.Shared.Test\Pizza.Shared.Test.csproj", "{71DE3484-FC86-4BD7-9AA8-9628C84B8EF2}"
EndProject
Global
	GlobalSection(SolutionConfigurationPlatforms) = preSolution
		Debug|Any CPU = Debug|Any CPU
		Release|Any CPU = Release|Any CPU
	EndGlobalSection
	GlobalSection(ProjectConfigurationPlatforms) = postSolution
		{20F0E2BE-2317-4E5A-A20C-8489F8E19FFB}.Debug|Any CPU.ActiveCfg = Debug|Any CPU
		{20F0E2BE-2317-4E5A-A20C-8489F8E19FFB}.Debug|Any CPU.Build.0 = Debug|Any CPU
		{20F0E2BE-2317-4E5A-A20C-8489F8E19FFB}.Release|Any CPU.ActiveCfg = Release|Any CPU
		{20F0E2BE-2317-4E5A-A20C-8489F8E19FFB}.Release|Any CPU.Build.0 = Release|Any CPU
		{E2E0E9B2-1041-4DD0-8C3E-753967D748C0}.Debug|Any CPU.ActiveCfg = Debug|Any CPU
		{E2E0E9B2-1041-4DD0-8C3E-753967D748C0}.Debug|Any CPU.Build.0 = Debug|Any CPU
		{E2E0E9B2-1041-4DD0-8C3E-753967D748C0}.Release|Any CPU.ActiveCfg = Release|Any CPU
		{E2E0E9B2-1041-4DD0-8C3E-753967D748C0}.Release|Any CPU.Build.0 = Release|Any CPU
		{0FE0EA69-8FAF-4F7A-9D19-13D1562D9951}.Debug|Any CPU.ActiveCfg = Debug|Any CPU
		{0FE0EA69-8FAF-4F7A-9D19-13D1562D9951}.Debug|Any CPU.Build.0 = Debug|Any CPU
		{0FE0EA69-8FAF-4F7A-9D19-13D1562D9951}.Release|Any CPU.ActiveCfg = Release|Any CPU
		{0FE0EA69-8FAF-4F7A-9D19-13D1562D9951}.Release|Any CPU.Build.0 = Release|Any CPU
		{E74A9FAA-5C21-425B-9A6B-B95C865237C5}.Debug|Any CPU.ActiveCfg = Debug|Any CPU
		{E74A9FAA-5C21-425B-9A6B-B95C865237C5}.Debug|Any CPU.Build.0 = Debug|Any CPU
		{E74A9FAA-5C21-425B-9A6B-B95C865237C5}.Release|Any CPU.ActiveCfg = Release|Any CPU
		{E74A9FAA-5C21-425B-9A6B-B95C865237C5}.Release|Any CPU.Build.0 = Release|Any CPU
		{6A3BC37A-466C-4931-A2A5-9377C7FA477E}.Debug|Any CPU.ActiveCfg = Debug|Any CPU
		{6A3BC37A-466C-4931-A2A5-9377C7FA477E}.Debug|Any CPU.Build.0 = Debug|Any CPU
		{6A3BC37A-466C-4931-A2A5-9377C7FA477E}.Release|Any CPU.ActiveCfg = Release|Any CPU
		{6A3BC37A-466C-4931-A2A5-9377C7FA477E}.Release|Any CPU.Build.0 = Release|Any CPU
		{EBED4385-4C39-4160-BF3C-081A9A527102}.Debug|Any CPU.ActiveCfg = Debug|Any CPU
		{EBED4385-4C39-4160-BF3C-081A9A527102}.Debug|Any CPU.Build.0 = Debug|Any CPU
		{EBED4385-4C39-4160-BF3C-081A9A527102}.Release|Any CPU.ActiveCfg = Release|Any CPU
		{EBED4385-4C39-4160-BF3C-081A9A527102}.Release|Any CPU.Build.0 = Release|Any CPU
		{4F1C54BF-C1B2-4A8C-A7A8-DB91298C383F}.Debug|Any CPU.ActiveCfg = Debug|Any CPU
		{4F1C54BF-C1B2-4A8C-A7A8-DB91298C383F}.Debug|Any CPU.Build.0 = Debug|Any CPU
		{4F1C54BF-C1B2-4A8C-A7A8-DB91298C383F}.Release|Any CPU.ActiveCfg = Release|Any CPU
		{4F1C54BF-C1B2-4A8C-A7A8-DB91298C383F}.Release|Any CPU.Build.0 = Release|Any CPU
		{71DE3484-FC86-4BD7-9AA8-9628C84B8EF2}.Debug|Any CPU.ActiveCfg = Debug|Any CPU
		{71DE3484-FC86-4BD7-9AA8-9628C84B8EF2}.Debug|Any CPU.Build.0 = Debug|Any CPU
		{71DE3484-FC86-4BD7-9AA8-9628C84B8EF2}.Release|Any CPU.ActiveCfg = Release|Any CPU
		{71DE3484-FC86-4BD7-9AA8-9628C84B8EF2}.Release|Any CPU.Build.0 = Release|Any CPU
	EndGlobalSection
	GlobalSection(SolutionProperties) = preSolution
		HideSolutionNode = FALSE
	EndGlobalSection
	GlobalSection(NestedProjects) = preSolution
		{20F0E2BE-2317-4E5A-A20C-8489F8E19FFB} = {151EFEF5-24FB-4341-8703-29E4F2AA4778}
		{E2E0E9B2-1041-4DD0-8C3E-753967D748C0} = {151EFEF5-24FB-4341-8703-29E4F2AA4778}
		{0FE0EA69-8FAF-4F7A-9D19-13D1562D9951} = {151EFEF5-24FB-4341-8703-29E4F2AA4778}
		{E74A9FAA-5C21-425B-9A6B-B95C865237C5} = {151EFEF5-24FB-4341-8703-29E4F2AA4778}
		{6A3BC37A-466C-4931-A2A5-9377C7FA477E} = {151EFEF5-24FB-4341-8703-29E4F2AA4778}
		{EBED4385-4C39-4160-BF3C-081A9A527102} = {5A4098A5-FAEA-42B2-A4EC-23AC13424D40}
		{4F1C54BF-C1B2-4A8C-A7A8-DB91298C383F} = {5A4098A5-FAEA-42B2-A4EC-23AC13424D40}
		{71DE3484-FC86-4BD7-9AA8-9628C84B8EF2} = {5A4098A5-FAEA-42B2-A4EC-23AC13424D40}
	EndGlobalSection
	GlobalSection(ExtensibilityGlobals) = postSolution
		SolutionGuid = {C70510FD-7E4B-404F-B999-47F7FBEFE170}
	EndGlobalSection
EndGlobal
