
Microsoft Visual Studio Solution File, Format Version 12.00
# Visual Studio Version 16
VisualStudioVersion = 16.0.29326.143
MinimumVisualStudioVersion = 10.0.40219.1
Project("{FAE04EC0-301F-11D3-BF4B-00C04F79EFBC}") = "Pizza", "Pizza\Pizza.csproj", "{20F0E2BE-2317-4E5A-A20C-8489F8E19FFB}"
EndProject
Global
	GlobalSection(SolutionConfigurationPlatforms) = preSolution
		Debug|Any CPU = Debug|Any CPU
		Release|Any CPU = Release|Any CPU
	EndGlobalSection
	GlobalSection(ProjectConfigurationPlatforms) = postSolution
		{20F0E2BE-2317-4E5A-A20C-8489F8E19FFB}.Debug|Any CPU.ActiveCfg = Debug|Any CPU
		{20F0E2BE-2317-4E5A-A20C-8489F8E19FFB}.Debug|Any CPU.Build.0 = Debug|Any CPU
		{20F0E2BE-2317-4E5A-A20C-8489F8E19FFB}.Release|Any CPU.ActiveCfg = Release|Any CPU
		{20F0E2BE-2317-4E5A-A20C-8489F8E19FFB}.Release|Any CPU.Build.0 = Release|Any CPU
	EndGlobalSection
	GlobalSection(SolutionProperties) = preSolution
		HideSolutionNode = FALSE
	EndGlobalSection
	GlobalSection(ExtensibilityGlobals) = postSolution
		SolutionGuid = {C70510FD-7E4B-404F-B999-47F7FBEFE170}
	EndGlobalSection
EndGlobal
